{
  "name": "3o14",
  "lockfileVersion": 3,
  "requires": true,
  "packages": {
    "": {
      "dependencies": {
        "@fedify/cli": "^1.3.3"
      }
    },
    "node_modules/@fedify/cli": {
      "version": "1.3.3",
      "resolved": "https://registry.npmjs.org/@fedify/cli/-/cli-1.3.3.tgz",
      "integrity": "sha512-+O65adrwKn5C9+2B4wRBxMg4znx0+gChpcC2uxn9bbgI210KKmBVMNvKGXZCS4Fj4DQf/DmidlcWLNKcm9q1Hg==",
      "cpu": [
        "x64",
        "arm64"
      ],
      "funding": [
        "https://github.com/sponsors/dahlia"
      ],
      "hasInstallScript": true,
      "license": "MIT",
      "os": [
        "darwin",
        "linux",
        "win32"
      ],
      "bin": {
        "fedify": "run.mjs"
      },
      "engines": {
        "node": ">=18.0.0"
      }
    }
  }
}
